
Microsoft Visual Studio Solution File, Format Version 12.00
# Visual Studio Version 16
VisualStudioVersion = 16.0.31424.327
MinimumVisualStudioVersion = 10.0.40219.1
Project("{FAE04EC0-301F-11D3-BF4B-00C04F79EFBC}") = "AGAProje", "AGAProje\AGAProje.csproj", "{EA3B5096-D57D-4670-8699-62965EB80256}"
EndProject
Global
	GlobalSection(SolutionConfigurationPlatforms) = preSolution
		Debug|Any CPU = Debug|Any CPU
		Release|Any CPU = Release|Any CPU
	EndGlobalSection
	GlobalSection(ProjectConfigurationPlatforms) = postSolution
		{EA3B5096-D57D-4670-8699-62965EB80256}.Debug|Any CPU.ActiveCfg = Debug|Any CPU
		{EA3B5096-D57D-4670-8699-62965EB80256}.Debug|Any CPU.Build.0 = Debug|Any CPU
		{EA3B5096-D57D-4670-8699-62965EB80256}.Release|Any CPU.ActiveCfg = Release|Any CPU
		{EA3B5096-D57D-4670-8699-62965EB80256}.Release|Any CPU.Build.0 = Release|Any CPU
	EndGlobalSection
	GlobalSection(SolutionProperties) = preSolution
		HideSolutionNode = FALSE
	EndGlobalSection
	GlobalSection(ExtensibilityGlobals) = postSolution
		SolutionGuid = {28B8969C-0881-49CD-837A-4A810A0EDCCB}
	EndGlobalSection
EndGlobal
